
Microsoft Visual Studio Solution File, Format Version 12.00
# Visual Studio Version 16
VisualStudioVersion = 16.0.30611.23
MinimumVisualStudioVersion = 10.0.40219.1
Project("{FAE04EC0-301F-11D3-BF4B-00C04F79EFBC}") = "AzureTableStorageDemo", "AzureTableStorageDemo\AzureTableStorageDemo.csproj", "{ABDCA340-5754-4ED6-94C8-DB798A58761D}"
EndProject
Global
	GlobalSection(SolutionConfigurationPlatforms) = preSolution
		Debug|Any CPU = Debug|Any CPU
		Release|Any CPU = Release|Any CPU
	EndGlobalSection
	GlobalSection(ProjectConfigurationPlatforms) = postSolution
		{ABDCA340-5754-4ED6-94C8-DB798A58761D}.Debug|Any CPU.ActiveCfg = Debug|Any CPU
		{ABDCA340-5754-4ED6-94C8-DB798A58761D}.Debug|Any CPU.Build.0 = Debug|Any CPU
		{ABDCA340-5754-4ED6-94C8-DB798A58761D}.Release|Any CPU.ActiveCfg = Release|Any CPU
		{ABDCA340-5754-4ED6-94C8-DB798A58761D}.Release|Any CPU.Build.0 = Release|Any CPU
	EndGlobalSection
	GlobalSection(SolutionProperties) = preSolution
		HideSolutionNode = FALSE
	EndGlobalSection
	GlobalSection(ExtensibilityGlobals) = postSolution
		SolutionGuid = {F93AA1FC-E388-4A44-A5E9-FC97965BF895}
	EndGlobalSection
EndGlobal
